// !$*UTF8*$!
{
	archiveVersion = 1;
	classes = {
	};
	objectVersion = 46;
	objects = {

/* Begin PBXBuildFile section */
		D320DDB21E2901E700916D28 /* ChartController.swift in Sources */ = {isa = PBXBuildFile; fileRef = D320DDB11E2901E700916D28 /* ChartController.swift */; };
		D327E0A61DD3B5F500A66CAF /* AppDelegate.swift in Sources */ = {isa = PBXBuildFile; fileRef = D327E0A21DD3B5F500A66CAF /* AppDelegate.swift */; };
		D327E0B51DD3E06F00A66CAF /* LaunchScreen.storyboard in Resources */ = {isa = PBXBuildFile; fileRef = D327E0AD1DD3B93F00A66CAF /* LaunchScreen.storyboard */; };
		D327E0B61DD3E06F00A66CAF /* Main.storyboard in Resources */ = {isa = PBXBuildFile; fileRef = D327E0AF1DD3B93F00A66CAF /* Main.storyboard */; };
		D327E0B71DD3E07800A66CAF /* Assets.xcassets in Resources */ = {isa = PBXBuildFile; fileRef = D327E0A31DD3B5F500A66CAF /* Assets.xcassets */; };
		D328C3211DB8031400E3485B /* BluetoothState.swift in Sources */ = {isa = PBXBuildFile; fileRef = D328C3201DB8031400E3485B /* BluetoothState.swift */; };
		D328C3231DB803DC00E3485B /* BluetoothManager.swift in Sources */ = {isa = PBXBuildFile; fileRef = D328C3221DB803DC00E3485B /* BluetoothManager.swift */; };
		D328C3251DB80B3200E3485B /* BluetoothManagerTests.swift in Sources */ = {isa = PBXBuildFile; fileRef = D328C3241DB80B3200E3485B /* BluetoothManagerTests.swift */; };
		D32B2FAE1DBBB80B00302434 /* BluetoothManagerDelegate.swift in Sources */ = {isa = PBXBuildFile; fileRef = D32B2FAD1DBBB80B00302434 /* BluetoothManagerDelegate.swift */; };
		D32B2FB01DBBBAD100302434 /* BluetoothManagerProtocol.swift in Sources */ = {isa = PBXBuildFile; fileRef = D32B2FAF1DBBBAD100302434 /* BluetoothManagerProtocol.swift */; };
		D32BE8671DE0BD5A006C19A7 /* PeripheralManager.swift in Sources */ = {isa = PBXBuildFile; fileRef = D32BE8661DE0BD5A006C19A7 /* PeripheralManager.swift */; };
		D334C9651E2F88C000C8B004 /* DownloadEventController.swift in Sources */ = {isa = PBXBuildFile; fileRef = D334C9641E2F88C000C8B004 /* DownloadEventController.swift */; };
		D334C9691E2F89FA00C8B004 /* DownloadDelegate.swift in Sources */ = {isa = PBXBuildFile; fileRef = D334C9681E2F89FA00C8B004 /* DownloadDelegate.swift */; };
		D33DCCB11E2FFF25002C4D11 /* Event.swift in Sources */ = {isa = PBXBuildFile; fileRef = D33DCCB01E2FFF25002C4D11 /* Event.swift */; };
		D38E3A281E2E8E8C00C3B63F /* ECG.swift in Sources */ = {isa = PBXBuildFile; fileRef = D38E3A271E2E8E8C00C3B63F /* ECG.swift */; };
		D38E3A2B1E2EA62300C3B63F /* DataParser.swift in Sources */ = {isa = PBXBuildFile; fileRef = D38E3A2A1E2EA62300C3B63F /* DataParser.swift */; };
		D3BD8A9B1E315B9800504F8D /* Charts.framework in Frameworks */ = {isa = PBXBuildFile; fileRef = D3BD8A961E315B8B00504F8D /* Charts.framework */; };
		D3BD8A9C1E315B9800504F8D /* Charts.framework in Embed Frameworks */ = {isa = PBXBuildFile; fileRef = D3BD8A961E315B8B00504F8D /* Charts.framework */; settings = {ATTRIBUTES = (CodeSignOnCopy, RemoveHeadersOnCopy, ); }; };
		D3BD8A9F1E315C9900504F8D /* RealmSwift.framework in Frameworks */ = {isa = PBXBuildFile; fileRef = D38E3A221E2E8AF100C3B63F /* RealmSwift.framework */; };
		D3BD8AA01E315C9900504F8D /* RealmSwift.framework in Embed Frameworks */ = {isa = PBXBuildFile; fileRef = D38E3A221E2E8AF100C3B63F /* RealmSwift.framework */; settings = {ATTRIBUTES = (CodeSignOnCopy, RemoveHeadersOnCopy, ); }; };
		D3BD8AA11E315C9900504F8D /* Realm.framework in Frameworks */ = {isa = PBXBuildFile; fileRef = D38E3A1F1E2E8AE300C3B63F /* Realm.framework */; };
		D3BD8AA21E315C9900504F8D /* Realm.framework in Embed Frameworks */ = {isa = PBXBuildFile; fileRef = D38E3A1F1E2E8AE300C3B63F /* Realm.framework */; settings = {ATTRIBUTES = (CodeSignOnCopy, RemoveHeadersOnCopy, ); }; };
		D3CEB4731DDFC5670049358A /* EventListController.swift in Sources */ = {isa = PBXBuildFile; fileRef = D3CEB4721DDFC5670049358A /* EventListController.swift */; };
		D3CEB4751DDFCA630049358A /* BluetoothConstants.swift in Sources */ = {isa = PBXBuildFile; fileRef = D3CEB4741DDFCA630049358A /* BluetoothConstants.swift */; };
		D3CEB4781DDFD27B0049358A /* BluetoothCharacteristicDelegate.swift in Sources */ = {isa = PBXBuildFile; fileRef = D3CEB4771DDFD27B0049358A /* BluetoothCharacteristicDelegate.swift */; };
		D3CEB47A1DDFD2C40049358A /* CharacteristicState.swift in Sources */ = {isa = PBXBuildFile; fileRef = D3CEB4791DDFD2C40049358A /* CharacteristicState.swift */; };
		D3E0B0D41DB3FA4D00943F19 /* BluetoothScanController.swift in Sources */ = {isa = PBXBuildFile; fileRef = D3E0B0D31DB3FA4D00943F19 /* BluetoothScanController.swift */; };
		D3E0B0F21DB3FA4E00943F19 /* DefibrillatorStatusAppUITests.swift in Sources */ = {isa = PBXBuildFile; fileRef = D3E0B0F11DB3FA4E00943F19 /* DefibrillatorStatusAppUITests.swift */; };
/* End PBXBuildFile section */

/* Begin PBXContainerItemProxy section */
		D3BD8A951E315B8B00504F8D /* PBXContainerItemProxy */ = {
			isa = PBXContainerItemProxy;
			containerPortal = D3BD8A8F1E315B8B00504F8D /* Charts.xcodeproj */;
			proxyType = 2;
			remoteGlobalIDString = 06165F241D8110E600722320;
			remoteInfo = Charts;
		};
		D3BD8A971E315B8B00504F8D /* PBXContainerItemProxy */ = {
			isa = PBXContainerItemProxy;
			containerPortal = D3BD8A8F1E315B8B00504F8D /* Charts.xcodeproj */;
			proxyType = 2;
			remoteGlobalIDString = 06B120D51D811E6200D14B02;
			remoteInfo = ChartsRealm;
		};
		D3BD8A991E315B8B00504F8D /* PBXContainerItemProxy */ = {
			isa = PBXContainerItemProxy;
			containerPortal = D3BD8A8F1E315B8B00504F8D /* Charts.xcodeproj */;
			proxyType = 2;
			remoteGlobalIDString = 06165F2E1D8110E600722320;
			remoteInfo = ChartsTests;
		};
		D3BD8A9D1E315B9800504F8D /* PBXContainerItemProxy */ = {
			isa = PBXContainerItemProxy;
			containerPortal = D3BD8A8F1E315B8B00504F8D /* Charts.xcodeproj */;
			proxyType = 1;
			remoteGlobalIDString = 06165F231D8110E600722320;
			remoteInfo = Charts;
		};
		D3E0B0E31DB3FA4E00943F19 /* PBXContainerItemProxy */ = {
			isa = PBXContainerItemProxy;
			containerPortal = D3E0B0C61DB3FA4D00943F19 /* Project object */;
			proxyType = 1;
			remoteGlobalIDString = D3E0B0CD1DB3FA4D00943F19;
			remoteInfo = DefibrillatorStatusApp;
		};
		D3E0B0EE1DB3FA4E00943F19 /* PBXContainerItemProxy */ = {
			isa = PBXContainerItemProxy;
			containerPortal = D3E0B0C61DB3FA4D00943F19 /* Project object */;
			proxyType = 1;
			remoteGlobalIDString = D3E0B0CD1DB3FA4D00943F19;
			remoteInfo = DefibrillatorStatusApp;
		};
/* End PBXContainerItemProxy section */

/* Begin PBXCopyFilesBuildPhase section */
		D38E3A1E1E2E3CF300C3B63F /* Embed Frameworks */ = {
			isa = PBXCopyFilesBuildPhase;
			buildActionMask = 2147483647;
			dstPath = "";
			dstSubfolderSpec = 10;
			files = (
				D3BD8AA21E315C9900504F8D /* Realm.framework in Embed Frameworks */,
				D3BD8AA01E315C9900504F8D /* RealmSwift.framework in Embed Frameworks */,
				D3BD8A9C1E315B9800504F8D /* Charts.framework in Embed Frameworks */,
			);
			name = "Embed Frameworks";
			runOnlyForDeploymentPostprocessing = 0;
		};
/* End PBXCopyFilesBuildPhase section */

/* Begin PBXFileReference section */
		D320DDB11E2901E700916D28 /* ChartController.swift */ = {isa = PBXFileReference; fileEncoding = 4; lastKnownFileType = sourcecode.swift; path = ChartController.swift; sourceTree = "<group>"; };
		D327E0A21DD3B5F500A66CAF /* AppDelegate.swift */ = {isa = PBXFileReference; fileEncoding = 4; lastKnownFileType = sourcecode.swift; path = AppDelegate.swift; sourceTree = "<group>"; };
		D327E0A31DD3B5F500A66CAF /* Assets.xcassets */ = {isa = PBXFileReference; lastKnownFileType = folder.assetcatalog; path = Assets.xcassets; sourceTree = "<group>"; };
		D327E0A51DD3B5F500A66CAF /* Info.plist */ = {isa = PBXFileReference; fileEncoding = 4; lastKnownFileType = text.plist.xml; path = Info.plist; sourceTree = "<group>"; };
		D327E0AE1DD3B93F00A66CAF /* Base */ = {isa = PBXFileReference; lastKnownFileType = file.storyboard; name = Base; path = Base.lproj/LaunchScreen.storyboard; sourceTree = "<group>"; };
		D327E0B01DD3B93F00A66CAF /* Base */ = {isa = PBXFileReference; lastKnownFileType = file.storyboard; name = Base; path = Base.lproj/Main.storyboard; sourceTree = "<group>"; };
		D328C3201DB8031400E3485B /* BluetoothState.swift */ = {isa = PBXFileReference; fileEncoding = 4; lastKnownFileType = sourcecode.swift; name = BluetoothState.swift; path = Constants/BluetoothState.swift; sourceTree = "<group>"; };
		D328C3221DB803DC00E3485B /* BluetoothManager.swift */ = {isa = PBXFileReference; fileEncoding = 4; lastKnownFileType = sourcecode.swift; path = BluetoothManager.swift; sourceTree = "<group>"; };
		D328C3241DB80B3200E3485B /* BluetoothManagerTests.swift */ = {isa = PBXFileReference; fileEncoding = 4; lastKnownFileType = sourcecode.swift; path = BluetoothManagerTests.swift; sourceTree = "<group>"; };
		D32B2FAD1DBBB80B00302434 /* BluetoothManagerDelegate.swift */ = {isa = PBXFileReference; fileEncoding = 4; lastKnownFileType = sourcecode.swift; name = BluetoothManagerDelegate.swift; path = Protocols/BluetoothManagerDelegate.swift; sourceTree = "<group>"; };
		D32B2FAF1DBBBAD100302434 /* BluetoothManagerProtocol.swift */ = {isa = PBXFileReference; fileEncoding = 4; lastKnownFileType = sourcecode.swift; name = BluetoothManagerProtocol.swift; path = Protocols/BluetoothManagerProtocol.swift; sourceTree = "<group>"; };
		D32BE8661DE0BD5A006C19A7 /* PeripheralManager.swift */ = {isa = PBXFileReference; fileEncoding = 4; lastKnownFileType = sourcecode.swift; path = PeripheralManager.swift; sourceTree = "<group>"; };
		D334C9641E2F88C000C8B004 /* DownloadEventController.swift */ = {isa = PBXFileReference; fileEncoding = 4; lastKnownFileType = sourcecode.swift; path = DownloadEventController.swift; sourceTree = "<group>"; };
		D334C9681E2F89FA00C8B004 /* DownloadDelegate.swift */ = {isa = PBXFileReference; fileEncoding = 4; lastKnownFileType = sourcecode.swift; name = DownloadDelegate.swift; path = Protocols/DownloadDelegate.swift; sourceTree = "<group>"; };
		D33DCCB01E2FFF25002C4D11 /* Event.swift */ = {isa = PBXFileReference; fileEncoding = 4; lastKnownFileType = sourcecode.swift; path = Event.swift; sourceTree = "<group>"; };
		D38E3A1F1E2E8AE300C3B63F /* Realm.framework */ = {isa = PBXFileReference; lastKnownFileType = wrapper.framework; path = Realm.framework; sourceTree = "<group>"; };
		D38E3A221E2E8AF100C3B63F /* RealmSwift.framework */ = {isa = PBXFileReference; lastKnownFileType = wrapper.framework; path = RealmSwift.framework; sourceTree = "<group>"; };
		D38E3A271E2E8E8C00C3B63F /* ECG.swift */ = {isa = PBXFileReference; fileEncoding = 4; lastKnownFileType = sourcecode.swift; path = ECG.swift; sourceTree = "<group>"; };
		D38E3A2A1E2EA62300C3B63F /* DataParser.swift */ = {isa = PBXFileReference; fileEncoding = 4; lastKnownFileType = sourcecode.swift; path = DataParser.swift; sourceTree = "<group>"; };
		D3BD8A8F1E315B8B00504F8D /* Charts.xcodeproj */ = {isa = PBXFileReference; lastKnownFileType = "wrapper.pb-project"; name = Charts.xcodeproj; path = "Charts-3.0.1/Charts.xcodeproj"; sourceTree = "<group>"; };
		D3CEB4721DDFC5670049358A /* EventListController.swift */ = {isa = PBXFileReference; fileEncoding = 4; lastKnownFileType = sourcecode.swift; path = EventListController.swift; sourceTree = "<group>"; };
		D3CEB4741DDFCA630049358A /* BluetoothConstants.swift */ = {isa = PBXFileReference; fileEncoding = 4; lastKnownFileType = sourcecode.swift; name = BluetoothConstants.swift; path = Constants/BluetoothConstants.swift; sourceTree = "<group>"; };
		D3CEB4771DDFD27B0049358A /* BluetoothCharacteristicDelegate.swift */ = {isa = PBXFileReference; fileEncoding = 4; lastKnownFileType = sourcecode.swift; name = BluetoothCharacteristicDelegate.swift; path = Protocols/BluetoothCharacteristicDelegate.swift; sourceTree = "<group>"; };
		D3CEB4791DDFD2C40049358A /* CharacteristicState.swift */ = {isa = PBXFileReference; fileEncoding = 4; lastKnownFileType = sourcecode.swift; name = CharacteristicState.swift; path = Constants/CharacteristicState.swift; sourceTree = "<group>"; };
		D3E0B0CE1DB3FA4D00943F19 /* DefibrillatorStatusApp.app */ = {isa = PBXFileReference; explicitFileType = wrapper.application; includeInIndex = 0; path = DefibrillatorStatusApp.app; sourceTree = BUILT_PRODUCTS_DIR; };
		D3E0B0D31DB3FA4D00943F19 /* BluetoothScanController.swift */ = {isa = PBXFileReference; lastKnownFileType = sourcecode.swift; path = BluetoothScanController.swift; sourceTree = "<group>"; };
		D3E0B0E21DB3FA4E00943F19 /* DefibrillatorStatusAppTests.xctest */ = {isa = PBXFileReference; explicitFileType = wrapper.cfbundle; includeInIndex = 0; path = DefibrillatorStatusAppTests.xctest; sourceTree = BUILT_PRODUCTS_DIR; };
		D3E0B0E81DB3FA4E00943F19 /* Info.plist */ = {isa = PBXFileReference; lastKnownFileType = text.plist.xml; path = Info.plist; sourceTree = "<group>"; };
		D3E0B0ED1DB3FA4E00943F19 /* DefibrillatorStatusAppUITests.xctest */ = {isa = PBXFileReference; explicitFileType = wrapper.cfbundle; includeInIndex = 0; path = DefibrillatorStatusAppUITests.xctest; sourceTree = BUILT_PRODUCTS_DIR; };
		D3E0B0F11DB3FA4E00943F19 /* DefibrillatorStatusAppUITests.swift */ = {isa = PBXFileReference; lastKnownFileType = sourcecode.swift; path = DefibrillatorStatusAppUITests.swift; sourceTree = "<group>"; };
		D3E0B0F31DB3FA4E00943F19 /* Info.plist */ = {isa = PBXFileReference; lastKnownFileType = text.plist.xml; path = Info.plist; sourceTree = "<group>"; };
/* End PBXFileReference section */

/* Begin PBXFrameworksBuildPhase section */
		D3E0B0CB1DB3FA4D00943F19 /* Frameworks */ = {
			isa = PBXFrameworksBuildPhase;
			buildActionMask = 2147483647;
			files = (
				D3BD8AA11E315C9900504F8D /* Realm.framework in Frameworks */,
				D3BD8A9F1E315C9900504F8D /* RealmSwift.framework in Frameworks */,
				D3BD8A9B1E315B9800504F8D /* Charts.framework in Frameworks */,
			);
			runOnlyForDeploymentPostprocessing = 0;
		};
		D3E0B0DF1DB3FA4E00943F19 /* Frameworks */ = {
			isa = PBXFrameworksBuildPhase;
			buildActionMask = 2147483647;
			files = (
			);
			runOnlyForDeploymentPostprocessing = 0;
		};
		D3E0B0EA1DB3FA4E00943F19 /* Frameworks */ = {
			isa = PBXFrameworksBuildPhase;
			buildActionMask = 2147483647;
			files = (
			);
			runOnlyForDeploymentPostprocessing = 0;
		};
/* End PBXFrameworksBuildPhase section */

/* Begin PBXGroup section */
		D327E0AA1DD3B60800A66CAF /* Supporting Files */ = {
			isa = PBXGroup;
			children = (
				D327E0A21DD3B5F500A66CAF /* AppDelegate.swift */,
				D327E0A31DD3B5F500A66CAF /* Assets.xcassets */,
				D327E0A51DD3B5F500A66CAF /* Info.plist */,
			);
			name = "Supporting Files";
			sourceTree = "<group>";
		};
		D327E0AB1DD3B78400A66CAF /* Views */ = {
			isa = PBXGroup;
			children = (
				D327E0AD1DD3B93F00A66CAF /* LaunchScreen.storyboard */,
				D327E0AF1DD3B93F00A66CAF /* Main.storyboard */,
			);
			path = Views;
			sourceTree = "<group>";
		};
		D327E0AC1DD3B7DB00A66CAF /* Controllers */ = {
			isa = PBXGroup;
			children = (
				D3E0B0D31DB3FA4D00943F19 /* BluetoothScanController.swift */,
				D3CEB4721DDFC5670049358A /* EventListController.swift */,
				D320DDB11E2901E700916D28 /* ChartController.swift */,
				D334C9641E2F88C000C8B004 /* DownloadEventController.swift */,
			);
			path = Controllers;
			sourceTree = "<group>";
		};
		D328C31F1DB8008B00E3485B /* BluetoothManager */ = {
			isa = PBXGroup;
			children = (
				D32BE8661DE0BD5A006C19A7 /* PeripheralManager.swift */,
				D328C3221DB803DC00E3485B /* BluetoothManager.swift */,
				D32BE8681DE0C144006C19A7 /* Protocols */,
				D3CEB4761DDFCAEC0049358A /* Constants */,
			);
			path = BluetoothManager;
			sourceTree = "<group>";
		};
		D32BE8681DE0C144006C19A7 /* Protocols */ = {
			isa = PBXGroup;
			children = (
				D32B2FAD1DBBB80B00302434 /* BluetoothManagerDelegate.swift */,
				D32B2FAF1DBBBAD100302434 /* BluetoothManagerProtocol.swift */,
				D3CEB4771DDFD27B0049358A /* BluetoothCharacteristicDelegate.swift */,
				D334C9681E2F89FA00C8B004 /* DownloadDelegate.swift */,
			);
			name = Protocols;
			sourceTree = "<group>";
		};
		D38E3A261E2E8E2000C3B63F /* Models */ = {
			isa = PBXGroup;
			children = (
				D38E3A271E2E8E8C00C3B63F /* ECG.swift */,
				D33DCCB01E2FFF25002C4D11 /* Event.swift */,
			);
			path = Models;
			sourceTree = "<group>";
		};
		D38E3A291E2EA5D000C3B63F /* Helpers */ = {
			isa = PBXGroup;
			children = (
				D38E3A2A1E2EA62300C3B63F /* DataParser.swift */,
			);
			path = Helpers;
			sourceTree = "<group>";
		};
		D3BD8A901E315B8B00504F8D /* Products */ = {
			isa = PBXGroup;
			children = (
				D3BD8A961E315B8B00504F8D /* Charts.framework */,
				D3BD8A981E315B8B00504F8D /* ChartsRealm.framework */,
				D3BD8A9A1E315B8B00504F8D /* ChartsTests.xctest */,
			);
			name = Products;
			sourceTree = "<group>";
		};
		D3CEB4761DDFCAEC0049358A /* Constants */ = {
			isa = PBXGroup;
			children = (
				D328C3201DB8031400E3485B /* BluetoothState.swift */,
				D3CEB4741DDFCA630049358A /* BluetoothConstants.swift */,
				D3CEB4791DDFD2C40049358A /* CharacteristicState.swift */,
			);
			name = Constants;
			sourceTree = "<group>";
		};
		D3E0B0C51DB3FA4D00943F19 = {
			isa = PBXGroup;
			children = (
				D38E3A221E2E8AF100C3B63F /* RealmSwift.framework */,
				D38E3A1F1E2E8AE300C3B63F /* Realm.framework */,
				D3E0B0D01DB3FA4D00943F19 /* DefibrillatorStatusApp */,
				D3E0B0E51DB3FA4E00943F19 /* DefibrillatorStatusApp Tests */,
				D3E0B0F01DB3FA4E00943F19 /* DefibrillatorStatusAppUITests */,
				D3E0B0CF1DB3FA4D00943F19 /* Products */,
			);
			sourceTree = "<group>";
		};
		D3E0B0CF1DB3FA4D00943F19 /* Products */ = {
			isa = PBXGroup;
			children = (
				D3E0B0CE1DB3FA4D00943F19 /* DefibrillatorStatusApp.app */,
				D3E0B0E21DB3FA4E00943F19 /* DefibrillatorStatusAppTests.xctest */,
				D3E0B0ED1DB3FA4E00943F19 /* DefibrillatorStatusAppUITests.xctest */,
			);
			name = Products;
			sourceTree = "<group>";
		};
		D3E0B0D01DB3FA4D00943F19 /* DefibrillatorStatusApp */ = {
			isa = PBXGroup;
			children = (
				D3BD8A8F1E315B8B00504F8D /* Charts.xcodeproj */,
				D38E3A291E2EA5D000C3B63F /* Helpers */,
				D38E3A261E2E8E2000C3B63F /* Models */,
				D327E0AA1DD3B60800A66CAF /* Supporting Files */,
				D328C31F1DB8008B00E3485B /* BluetoothManager */,
				D327E0AC1DD3B7DB00A66CAF /* Controllers */,
				D327E0AB1DD3B78400A66CAF /* Views */,
			);
			path = DefibrillatorStatusApp;
			sourceTree = "<group>";
		};
		D3E0B0E51DB3FA4E00943F19 /* DefibrillatorStatusApp Tests */ = {
			isa = PBXGroup;
			children = (
				D3E0B0E81DB3FA4E00943F19 /* Info.plist */,
				D328C3241DB80B3200E3485B /* BluetoothManagerTests.swift */,
			);
			name = "DefibrillatorStatusApp Tests";
			path = DefibrillatorStatusAppTests;
			sourceTree = "<group>";
		};
		D3E0B0F01DB3FA4E00943F19 /* DefibrillatorStatusAppUITests */ = {
			isa = PBXGroup;
			children = (
				D3E0B0F11DB3FA4E00943F19 /* DefibrillatorStatusAppUITests.swift */,
				D3E0B0F31DB3FA4E00943F19 /* Info.plist */,
			);
			path = DefibrillatorStatusAppUITests;
			sourceTree = "<group>";
		};
/* End PBXGroup section */

/* Begin PBXNativeTarget section */
		D3E0B0CD1DB3FA4D00943F19 /* DefibrillatorStatusApp */ = {
			isa = PBXNativeTarget;
			buildConfigurationList = D3E0B0F61DB3FA4E00943F19 /* Build configuration list for PBXNativeTarget "DefibrillatorStatusApp" */;
			buildPhases = (
				D3E0B0CA1DB3FA4D00943F19 /* Sources */,
				D3E0B0CB1DB3FA4D00943F19 /* Frameworks */,
				D327E0B41DD3E06500A66CAF /* Resources */,
				D38E3A1E1E2E3CF300C3B63F /* Embed Frameworks */,
				D38E3A251E2E8CE000C3B63F /* ShellScript */,
			);
			buildRules = (
			);
			dependencies = (
				D3BD8A9E1E315B9800504F8D /* PBXTargetDependency */,
			);
			name = DefibrillatorStatusApp;
			productName = DefibrillatorStatusApp;
			productReference = D3E0B0CE1DB3FA4D00943F19 /* DefibrillatorStatusApp.app */;
			productType = "com.apple.product-type.application";
		};
		D3E0B0E11DB3FA4E00943F19 /* DefibrillatorStatusAppTests */ = {
			isa = PBXNativeTarget;
			buildConfigurationList = D3E0B0F91DB3FA4E00943F19 /* Build configuration list for PBXNativeTarget "DefibrillatorStatusAppTests" */;
			buildPhases = (
				D3E0B0DE1DB3FA4E00943F19 /* Sources */,
				D3E0B0DF1DB3FA4E00943F19 /* Frameworks */,
				D3E0B0E01DB3FA4E00943F19 /* Resources */,
			);
			buildRules = (
			);
			dependencies = (
				D3E0B0E41DB3FA4E00943F19 /* PBXTargetDependency */,
			);
			name = DefibrillatorStatusAppTests;
			productName = DefibrillatorStatusAppTests;
			productReference = D3E0B0E21DB3FA4E00943F19 /* DefibrillatorStatusAppTests.xctest */;
			productType = "com.apple.product-type.bundle.unit-test";
		};
		D3E0B0EC1DB3FA4E00943F19 /* DefibrillatorStatusAppUITests */ = {
			isa = PBXNativeTarget;
			buildConfigurationList = D3E0B0FC1DB3FA4E00943F19 /* Build configuration list for PBXNativeTarget "DefibrillatorStatusAppUITests" */;
			buildPhases = (
				D3E0B0E91DB3FA4E00943F19 /* Sources */,
				D3E0B0EA1DB3FA4E00943F19 /* Frameworks */,
				D3E0B0EB1DB3FA4E00943F19 /* Resources */,
			);
			buildRules = (
			);
			dependencies = (
				D3E0B0EF1DB3FA4E00943F19 /* PBXTargetDependency */,
			);
			name = DefibrillatorStatusAppUITests;
			productName = DefibrillatorStatusAppUITests;
			productReference = D3E0B0ED1DB3FA4E00943F19 /* DefibrillatorStatusAppUITests.xctest */;
			productType = "com.apple.product-type.bundle.ui-testing";
		};
/* End PBXNativeTarget section */

/* Begin PBXProject section */
		D3E0B0C61DB3FA4D00943F19 /* Project object */ = {
			isa = PBXProject;
			attributes = {
				LastSwiftUpdateCheck = 0800;
				LastUpgradeCheck = 0810;
				ORGANIZATIONNAME = "David Stark";
				TargetAttributes = {
					D3E0B0CD1DB3FA4D00943F19 = {
						CreatedOnToolsVersion = 8.0;
						DevelopmentTeam = 353TD9TL6M;
						ProvisioningStyle = Automatic;
					};
					D3E0B0E11DB3FA4E00943F19 = {
						CreatedOnToolsVersion = 8.0;
						DevelopmentTeam = 353TD9TL6M;
						LastSwiftMigration = 0800;
						ProvisioningStyle = Automatic;
						TestTargetID = D3E0B0CD1DB3FA4D00943F19;
					};
					D3E0B0EC1DB3FA4E00943F19 = {
						CreatedOnToolsVersion = 8.0;
						DevelopmentTeam = 353TD9TL6M;
						ProvisioningStyle = Automatic;
						TestTargetID = D3E0B0CD1DB3FA4D00943F19;
					};
				};
			};
			buildConfigurationList = D3E0B0C91DB3FA4D00943F19 /* Build configuration list for PBXProject "DefibrillatorStatusApp" */;
			compatibilityVersion = "Xcode 3.2";
			developmentRegion = English;
			hasScannedForEncodings = 0;
			knownRegions = (
				en,
				Base,
			);
			mainGroup = D3E0B0C51DB3FA4D00943F19;
			productRefGroup = D3E0B0CF1DB3FA4D00943F19 /* Products */;
			projectDirPath = "";
			projectReferences = (
				{
					ProductGroup = D3BD8A901E315B8B00504F8D /* Products */;
					ProjectRef = D3BD8A8F1E315B8B00504F8D /* Charts.xcodeproj */;
				},
			);
			projectRoot = "";
			targets = (
				D3E0B0CD1DB3FA4D00943F19 /* DefibrillatorStatusApp */,
				D3E0B0E11DB3FA4E00943F19 /* DefibrillatorStatusAppTests */,
				D3E0B0EC1DB3FA4E00943F19 /* DefibrillatorStatusAppUITests */,
			);
		};
/* End PBXProject section */

/* Begin PBXReferenceProxy section */
		D3BD8A961E315B8B00504F8D /* Charts.framework */ = {
			isa = PBXReferenceProxy;
			fileType = wrapper.framework;
			path = Charts.framework;
			remoteRef = D3BD8A951E315B8B00504F8D /* PBXContainerItemProxy */;
			sourceTree = BUILT_PRODUCTS_DIR;
		};
		D3BD8A981E315B8B00504F8D /* ChartsRealm.framework */ = {
			isa = PBXReferenceProxy;
			fileType = wrapper.framework;
			path = ChartsRealm.framework;
			remoteRef = D3BD8A971E315B8B00504F8D /* PBXContainerItemProxy */;
			sourceTree = BUILT_PRODUCTS_DIR;
		};
		D3BD8A9A1E315B8B00504F8D /* ChartsTests.xctest */ = {
			isa = PBXReferenceProxy;
			fileType = wrapper.cfbundle;
			path = ChartsTests.xctest;
			remoteRef = D3BD8A991E315B8B00504F8D /* PBXContainerItemProxy */;
			sourceTree = BUILT_PRODUCTS_DIR;
		};
/* End PBXReferenceProxy section */

/* Begin PBXResourcesBuildPhase section */
		D327E0B41DD3E06500A66CAF /* Resources */ = {
			isa = PBXResourcesBuildPhase;
			buildActionMask = 2147483647;
			files = (
				D327E0B71DD3E07800A66CAF /* Assets.xcassets in Resources */,
				D327E0B51DD3E06F00A66CAF /* LaunchScreen.storyboard in Resources */,
				D327E0B61DD3E06F00A66CAF /* Main.storyboard in Resources */,
			);
			runOnlyForDeploymentPostprocessing = 0;
		};
		D3E0B0E01DB3FA4E00943F19 /* Resources */ = {
			isa = PBXResourcesBuildPhase;
			buildActionMask = 2147483647;
			files = (
			);
			runOnlyForDeploymentPostprocessing = 0;
		};
		D3E0B0EB1DB3FA4E00943F19 /* Resources */ = {
			isa = PBXResourcesBuildPhase;
			buildActionMask = 2147483647;
			files = (
			);
			runOnlyForDeploymentPostprocessing = 0;
		};
/* End PBXResourcesBuildPhase section */

/* Begin PBXShellScriptBuildPhase section */
		D38E3A251E2E8CE000C3B63F /* ShellScript */ = {
			isa = PBXShellScriptBuildPhase;
			buildActionMask = 2147483647;
			files = (
			);
			inputPaths = (
			);
			outputPaths = (
			);
			runOnlyForDeploymentPostprocessing = 0;
			shellPath = /bin/sh;
			shellScript = "bash \"${BUILT_PRODUCTS_DIR}/${FRAMEWORKS_FOLDER_PATH}/Realm.framework/strip-frameworks.sh\"";
		};
/* End PBXShellScriptBuildPhase section */

/* Begin PBXSourcesBuildPhase section */
		D3E0B0CA1DB3FA4D00943F19 /* Sources */ = {
			isa = PBXSourcesBuildPhase;
			buildActionMask = 2147483647;
			files = (
				D327E0A61DD3B5F500A66CAF /* AppDelegate.swift in Sources */,
				D320DDB21E2901E700916D28 /* ChartController.swift in Sources */,
				D32B2FB01DBBBAD100302434 /* BluetoothManagerProtocol.swift in Sources */,
				D3CEB47A1DDFD2C40049358A /* CharacteristicState.swift in Sources */,
				D334C9691E2F89FA00C8B004 /* DownloadDelegate.swift in Sources */,
				D32B2FAE1DBBB80B00302434 /* BluetoothManagerDelegate.swift in Sources */,
				D32BE8671DE0BD5A006C19A7 /* PeripheralManager.swift in Sources */,
				D3CEB4781DDFD27B0049358A /* BluetoothCharacteristicDelegate.swift in Sources */,
				D33DCCB11E2FFF25002C4D11 /* Event.swift in Sources */,
				D3E0B0D41DB3FA4D00943F19 /* BluetoothScanController.swift in Sources */,
				D38E3A281E2E8E8C00C3B63F /* ECG.swift in Sources */,
				D334C9651E2F88C000C8B004 /* DownloadEventController.swift in Sources */,
				D328C3211DB8031400E3485B /* BluetoothState.swift in Sources */,
				D328C3231DB803DC00E3485B /* BluetoothManager.swift in Sources */,
				D3CEB4751DDFCA630049358A /* BluetoothConstants.swift in Sources */,
				D38E3A2B1E2EA62300C3B63F /* DataParser.swift in Sources */,
				D3CEB4731DDFC5670049358A /* EventListController.swift in Sources */,
			);
			runOnlyForDeploymentPostprocessing = 0;
		};
		D3E0B0DE1DB3FA4E00943F19 /* Sources */ = {
			isa = PBXSourcesBuildPhase;
			buildActionMask = 2147483647;
			files = (
				D328C3251DB80B3200E3485B /* BluetoothManagerTests.swift in Sources */,
			);
			runOnlyForDeploymentPostprocessing = 0;
		};
		D3E0B0E91DB3FA4E00943F19 /* Sources */ = {
			isa = PBXSourcesBuildPhase;
			buildActionMask = 2147483647;
			files = (
				D3E0B0F21DB3FA4E00943F19 /* DefibrillatorStatusAppUITests.swift in Sources */,
			);
			runOnlyForDeploymentPostprocessing = 0;
		};
/* End PBXSourcesBuildPhase section */

/* Begin PBXTargetDependency section */
		D3BD8A9E1E315B9800504F8D /* PBXTargetDependency */ = {
			isa = PBXTargetDependency;
			name = Charts;
			targetProxy = D3BD8A9D1E315B9800504F8D /* PBXContainerItemProxy */;
		};
		D3E0B0E41DB3FA4E00943F19 /* PBXTargetDependency */ = {
			isa = PBXTargetDependency;
			target = D3E0B0CD1DB3FA4D00943F19 /* DefibrillatorStatusApp */;
			targetProxy = D3E0B0E31DB3FA4E00943F19 /* PBXContainerItemProxy */;
		};
		D3E0B0EF1DB3FA4E00943F19 /* PBXTargetDependency */ = {
			isa = PBXTargetDependency;
			target = D3E0B0CD1DB3FA4D00943F19 /* DefibrillatorStatusApp */;
			targetProxy = D3E0B0EE1DB3FA4E00943F19 /* PBXContainerItemProxy */;
		};
/* End PBXTargetDependency section */

/* Begin PBXVariantGroup section */
		D327E0AD1DD3B93F00A66CAF /* LaunchScreen.storyboard */ = {
			isa = PBXVariantGroup;
			children = (
				D327E0AE1DD3B93F00A66CAF /* Base */,
			);
			name = LaunchScreen.storyboard;
			sourceTree = "<group>";
		};
		D327E0AF1DD3B93F00A66CAF /* Main.storyboard */ = {
			isa = PBXVariantGroup;
			children = (
				D327E0B01DD3B93F00A66CAF /* Base */,
			);
			name = Main.storyboard;
			sourceTree = "<group>";
		};
/* End PBXVariantGroup section */

/* Begin XCBuildConfiguration section */
		D3E0B0F41DB3FA4E00943F19 /* Debug */ = {
			isa = XCBuildConfiguration;
			buildSettings = {
				ALWAYS_SEARCH_USER_PATHS = NO;
				CLANG_ANALYZER_NONNULL = YES;
				CLANG_CXX_LANGUAGE_STANDARD = "gnu++0x";
				CLANG_CXX_LIBRARY = "libc++";
				CLANG_ENABLE_MODULES = YES;
				CLANG_ENABLE_OBJC_ARC = YES;
				CLANG_WARN_BOOL_CONVERSION = YES;
				CLANG_WARN_CONSTANT_CONVERSION = YES;
				CLANG_WARN_DIRECT_OBJC_ISA_USAGE = YES_ERROR;
				CLANG_WARN_DOCUMENTATION_COMMENTS = YES;
				CLANG_WARN_EMPTY_BODY = YES;
				CLANG_WARN_ENUM_CONVERSION = YES;
				CLANG_WARN_INFINITE_RECURSION = YES;
				CLANG_WARN_INT_CONVERSION = YES;
				CLANG_WARN_OBJC_ROOT_CLASS = YES_ERROR;
				CLANG_WARN_SUSPICIOUS_MOVE = YES;
				CLANG_WARN_SUSPICIOUS_MOVES = YES;
				CLANG_WARN_UNREACHABLE_CODE = YES;
				CLANG_WARN__DUPLICATE_METHOD_MATCH = YES;
				"CODE_SIGN_IDENTITY[sdk=iphoneos*]" = "iPhone Developer";
				COPY_PHASE_STRIP = NO;
				DEBUG_INFORMATION_FORMAT = dwarf;
				ENABLE_STRICT_OBJC_MSGSEND = YES;
				ENABLE_TESTABILITY = YES;
				GCC_C_LANGUAGE_STANDARD = gnu99;
				GCC_DYNAMIC_NO_PIC = NO;
				GCC_NO_COMMON_BLOCKS = YES;
				GCC_OPTIMIZATION_LEVEL = 0;
				GCC_PREPROCESSOR_DEFINITIONS = (
					"DEBUG=1",
					"$(inherited)",
				);
				GCC_WARN_64_TO_32_BIT_CONVERSION = YES;
				GCC_WARN_ABOUT_RETURN_TYPE = YES_ERROR;
				GCC_WARN_UNDECLARED_SELECTOR = YES;
				GCC_WARN_UNINITIALIZED_AUTOS = YES_AGGRESSIVE;
				GCC_WARN_UNUSED_FUNCTION = YES;
				GCC_WARN_UNUSED_VARIABLE = YES;
				IPHONEOS_DEPLOYMENT_TARGET = 10.2;
				MTL_ENABLE_DEBUG_INFO = YES;
				ONLY_ACTIVE_ARCH = YES;
				SDKROOT = iphoneos;
				SWIFT_ACTIVE_COMPILATION_CONDITIONS = DEBUG;
				SWIFT_OPTIMIZATION_LEVEL = "-Onone";
				TARGETED_DEVICE_FAMILY = "1,2";
			};
			name = Debug;
		};
		D3E0B0F51DB3FA4E00943F19 /* Release */ = {
			isa = XCBuildConfiguration;
			buildSettings = {
				ALWAYS_SEARCH_USER_PATHS = NO;
				CLANG_ANALYZER_NONNULL = YES;
				CLANG_CXX_LANGUAGE_STANDARD = "gnu++0x";
				CLANG_CXX_LIBRARY = "libc++";
				CLANG_ENABLE_MODULES = YES;
				CLANG_ENABLE_OBJC_ARC = YES;
				CLANG_WARN_BOOL_CONVERSION = YES;
				CLANG_WARN_CONSTANT_CONVERSION = YES;
				CLANG_WARN_DIRECT_OBJC_ISA_USAGE = YES_ERROR;
				CLANG_WARN_DOCUMENTATION_COMMENTS = YES;
				CLANG_WARN_EMPTY_BODY = YES;
				CLANG_WARN_ENUM_CONVERSION = YES;
				CLANG_WARN_INFINITE_RECURSION = YES;
				CLANG_WARN_INT_CONVERSION = YES;
				CLANG_WARN_OBJC_ROOT_CLASS = YES_ERROR;
				CLANG_WARN_SUSPICIOUS_MOVE = YES;
				CLANG_WARN_SUSPICIOUS_MOVES = YES;
				CLANG_WARN_UNREACHABLE_CODE = YES;
				CLANG_WARN__DUPLICATE_METHOD_MATCH = YES;
				"CODE_SIGN_IDENTITY[sdk=iphoneos*]" = "iPhone Developer";
				COPY_PHASE_STRIP = NO;
				DEBUG_INFORMATION_FORMAT = "dwarf-with-dsym";
				ENABLE_NS_ASSERTIONS = NO;
				ENABLE_STRICT_OBJC_MSGSEND = YES;
				GCC_C_LANGUAGE_STANDARD = gnu99;
				GCC_NO_COMMON_BLOCKS = YES;
				GCC_WARN_64_TO_32_BIT_CONVERSION = YES;
				GCC_WARN_ABOUT_RETURN_TYPE = YES_ERROR;
				GCC_WARN_UNDECLARED_SELECTOR = YES;
				GCC_WARN_UNINITIALIZED_AUTOS = YES_AGGRESSIVE;
				GCC_WARN_UNUSED_FUNCTION = YES;
				GCC_WARN_UNUSED_VARIABLE = YES;
				IPHONEOS_DEPLOYMENT_TARGET = 10.2;
				MTL_ENABLE_DEBUG_INFO = NO;
				SDKROOT = iphoneos;
				SWIFT_OPTIMIZATION_LEVEL = "-Owholemodule";
				TARGETED_DEVICE_FAMILY = "1,2";
				VALIDATE_PRODUCT = YES;
			};
			name = Release;
		};
		D3E0B0F71DB3FA4E00943F19 /* Debug */ = {
			isa = XCBuildConfiguration;
			buildSettings = {
				ALWAYS_EMBED_SWIFT_STANDARD_LIBRARIES = YES;
				ASSETCATALOG_COMPILER_APPICON_NAME = AppIcon;
				ASSETCATALOG_COMPILER_LAUNCHIMAGE_NAME = LaunchImage;
				DEVELOPMENT_TEAM = 353TD9TL6M;
				FRAMEWORK_SEARCH_PATHS = "$(PROJECT_DIR)";
				INFOPLIST_FILE = DefibrillatorStatusApp/Info.plist;
				IPHONEOS_DEPLOYMENT_TARGET = 10.0;
				LD_RUNPATH_SEARCH_PATHS = "$(inherited) @executable_path/Frameworks";
				PRODUCT_BUNDLE_IDENTIFIER = com.DavidStark.DefibrillatorStatusApp;
				PRODUCT_NAME = "$(TARGET_NAME)";
				SWIFT_VERSION = 3.0;
			};
			name = Debug;
		};
		D3E0B0F81DB3FA4E00943F19 /* Release */ = {
			isa = XCBuildConfiguration;
			buildSettings = {
				ALWAYS_EMBED_SWIFT_STANDARD_LIBRARIES = YES;
				ASSETCATALOG_COMPILER_APPICON_NAME = AppIcon;
				ASSETCATALOG_COMPILER_LAUNCHIMAGE_NAME = LaunchImage;
				DEVELOPMENT_TEAM = 353TD9TL6M;
				FRAMEWORK_SEARCH_PATHS = "$(PROJECT_DIR)";
				INFOPLIST_FILE = DefibrillatorStatusApp/Info.plist;
				IPHONEOS_DEPLOYMENT_TARGET = 10.0;
				LD_RUNPATH_SEARCH_PATHS = "$(inherited) @executable_path/Frameworks";
				PRODUCT_BUNDLE_IDENTIFIER = com.DavidStark.DefibrillatorStatusApp;
				PRODUCT_NAME = "$(TARGET_NAME)";
				SWIFT_VERSION = 3.0;
			};
			name = Release;
		};
		D3E0B0FA1DB3FA4E00943F19 /* Debug */ = {
			isa = XCBuildConfiguration;
			buildSettings = {
				ALWAYS_EMBED_SWIFT_STANDARD_LIBRARIES = YES;
				BUNDLE_LOADER = "$(TEST_HOST)";
				CLANG_ENABLE_MODULES = YES;
				DEVELOPMENT_TEAM = 353TD9TL6M;
				INFOPLIST_FILE = DefibrillatorStatusAppTests/Info.plist;
				LD_RUNPATH_SEARCH_PATHS = "$(inherited) @executable_path/Frameworks @loader_path/Frameworks";
				PRODUCT_BUNDLE_IDENTIFIER = com.DavidStark.DefibrillatorStatusAppTests;
				PRODUCT_NAME = "$(TARGET_NAME)";
				SWIFT_OPTIMIZATION_LEVEL = "-Onone";
				SWIFT_VERSION = 3.0;
				TEST_HOST = "$(BUILT_PRODUCTS_DIR)/DefibrillatorStatusApp.app/DefibrillatorStatusApp";
			};
			name = Debug;
		};
		D3E0B0FB1DB3FA4E00943F19 /* Release */ = {
			isa = XCBuildConfiguration;
			buildSettings = {
				ALWAYS_EMBED_SWIFT_STANDARD_LIBRARIES = YES;
				BUNDLE_LOADER = "$(TEST_HOST)";
				CLANG_ENABLE_MODULES = YES;
				DEVELOPMENT_TEAM = 353TD9TL6M;
				INFOPLIST_FILE = DefibrillatorStatusAppTests/Info.plist;
				LD_RUNPATH_SEARCH_PATHS = "$(inherited) @executable_path/Frameworks @loader_path/Frameworks";
				PRODUCT_BUNDLE_IDENTIFIER = com.DavidStark.DefibrillatorStatusAppTests;
				PRODUCT_NAME = "$(TARGET_NAME)";
				SWIFT_VERSION = 3.0;
				TEST_HOST = "$(BUILT_PRODUCTS_DIR)/DefibrillatorStatusApp.app/DefibrillatorStatusApp";
			};
			name = Release;
		};
		D3E0B0FD1DB3FA4E00943F19 /* Debug */ = {
			isa = XCBuildConfiguration;
			buildSettings = {
				ALWAYS_EMBED_SWIFT_STANDARD_LIBRARIES = YES;
				DEVELOPMENT_TEAM = 353TD9TL6M;
				INFOPLIST_FILE = DefibrillatorStatusAppUITests/Info.plist;
				LD_RUNPATH_SEARCH_PATHS = "$(inherited) @executable_path/Frameworks @loader_path/Frameworks";
				PRODUCT_BUNDLE_IDENTIFIER = com.DavidStark.DefibrillatorStatusAppUITests;
				PRODUCT_NAME = "$(TARGET_NAME)";
				SWIFT_VERSION = 3.0;
				TEST_TARGET_NAME = DefibrillatorStatusApp;
			};
			name = Debug;
		};
		D3E0B0FE1DB3FA4E00943F19 /* Release */ = {
			isa = XCBuildConfiguration;
			buildSettings = {
				ALWAYS_EMBED_SWIFT_STANDARD_LIBRARIES = YES;
				DEVELOPMENT_TEAM = 353TD9TL6M;
				INFOPLIST_FILE = DefibrillatorStatusAppUITests/Info.plist;
				LD_RUNPATH_SEARCH_PATHS = "$(inherited) @executable_path/Frameworks @loader_path/Frameworks";
				PRODUCT_BUNDLE_IDENTIFIER = com.DavidStark.DefibrillatorStatusAppUITests;
				PRODUCT_NAME = "$(TARGET_NAME)";
				SWIFT_VERSION = 3.0;
				TEST_TARGET_NAME = DefibrillatorStatusApp;
			};
			name = Release;
		};
/* End XCBuildConfiguration section */

/* Begin XCConfigurationList section */
		D3E0B0C91DB3FA4D00943F19 /* Build configuration list for PBXProject "DefibrillatorStatusApp" */ = {
			isa = XCConfigurationList;
			buildConfigurations = (
				D3E0B0F41DB3FA4E00943F19 /* Debug */,
				D3E0B0F51DB3FA4E00943F19 /* Release */,
			);
			defaultConfigurationIsVisible = 0;
			defaultConfigurationName = Release;
		};
		D3E0B0F61DB3FA4E00943F19 /* Build configuration list for PBXNativeTarget "DefibrillatorStatusApp" */ = {
			isa = XCConfigurationList;
			buildConfigurations = (
				D3E0B0F71DB3FA4E00943F19 /* Debug */,
				D3E0B0F81DB3FA4E00943F19 /* Release */,
			);
			defaultConfigurationIsVisible = 0;
			defaultConfigurationName = Release;
		};
		D3E0B0F91DB3FA4E00943F19 /* Build configuration list for PBXNativeTarget "DefibrillatorStatusAppTests" */ = {
			isa = XCConfigurationList;
			buildConfigurations = (
				D3E0B0FA1DB3FA4E00943F19 /* Debug */,
				D3E0B0FB1DB3FA4E00943F19 /* Release */,
			);
			defaultConfigurationIsVisible = 0;
			defaultConfigurationName = Release;
		};
		D3E0B0FC1DB3FA4E00943F19 /* Build configuration list for PBXNativeTarget "DefibrillatorStatusAppUITests" */ = {
			isa = XCConfigurationList;
			buildConfigurations = (
				D3E0B0FD1DB3FA4E00943F19 /* Debug */,
				D3E0B0FE1DB3FA4E00943F19 /* Release */,
			);
			defaultConfigurationIsVisible = 0;
			defaultConfigurationName = Release;
		};
/* End XCConfigurationList section */
	};
	rootObject = D3E0B0C61DB3FA4D00943F19 /* Project object */;
}
